
Microsoft Visual Studio Solution File, Format Version 12.00
# Visual Studio Version 17
VisualStudioVersion = 17.10.35122.118
MinimumVisualStudioVersion = 10.0.40219.1
Project("{FAE04EC0-301F-11D3-BF4B-00C04F79EFBC}") = "LearnClassLibrary", "LearnClassLibrary\LearnClassLibrary.csproj", "{279D72D7-C22D-44FE-A5FE-091C3FE7BD56}"
EndProject
Project("{FAE04EC0-301F-11D3-BF4B-00C04F79EFBC}") = "LearnClassLibrary.Test", "LearnClasslibrary.Test\LearnClassLibrary.Test.csproj", "{ED6750AB-6F32-447A-B960-9AA0BFCAB0D9}"
EndProject
Global
	GlobalSection(SolutionConfigurationPlatforms) = preSolution
		Debug|Any CPU = Debug|Any CPU
		Release|Any CPU = Release|Any CPU
	EndGlobalSection
	GlobalSection(ProjectConfigurationPlatforms) = postSolution
		{279D72D7-C22D-44FE-A5FE-091C3FE7BD56}.Debug|Any CPU.ActiveCfg = Debug|Any CPU
		{279D72D7-C22D-44FE-A5FE-091C3FE7BD56}.Debug|Any CPU.Build.0 = Debug|Any CPU
		{279D72D7-C22D-44FE-A5FE-091C3FE7BD56}.Release|Any CPU.ActiveCfg = Release|Any CPU
		{279D72D7-C22D-44FE-A5FE-091C3FE7BD56}.Release|Any CPU.Build.0 = Release|Any CPU
		{ED6750AB-6F32-447A-B960-9AA0BFCAB0D9}.Debug|Any CPU.ActiveCfg = Debug|Any CPU
		{ED6750AB-6F32-447A-B960-9AA0BFCAB0D9}.Debug|Any CPU.Build.0 = Debug|Any CPU
		{ED6750AB-6F32-447A-B960-9AA0BFCAB0D9}.Release|Any CPU.ActiveCfg = Release|Any CPU
		{ED6750AB-6F32-447A-B960-9AA0BFCAB0D9}.Release|Any CPU.Build.0 = Release|Any CPU
	EndGlobalSection
	GlobalSection(SolutionProperties) = preSolution
		HideSolutionNode = FALSE
	EndGlobalSection
	GlobalSection(ExtensibilityGlobals) = postSolution
		SolutionGuid = {3E2B3FBC-78B2-4112-83C6-EB369D283F56}
	EndGlobalSection
EndGlobal
